{
    "_readme": [
        "This file locks the dependencies of your project to a known state",
        "Read more about it at https://getcomposer.org/doc/01-basic-usage.md#composer-lock-the-lock-file",
        "This file is @generated automatically"
    ],
    "hash": "f80d5955fa2ae4ecabca747d9a629115",
    "content-hash": "c175a8dafb78a5d95327ea0a2e479a8d",
    "packages": [
        {
            "name": "bensquire/php-image-optim",
            "version": "dev-master",
            "source": {
                "type": "git",
                "url": "https://github.com/bensquire/php-image-optim.git",
                "reference": "0c45c4879e1d25d54fe9ec04ea3346ccc385073a"
            },
            "dist": {
                "type": "zip",
                "url": "https://api.github.com/repos/bensquire/php-image-optim/zipball/0c45c4879e1d25d54fe9ec04ea3346ccc385073a",
                "reference": "0c45c4879e1d25d54fe9ec04ea3346ccc385073a",
                "shasum": ""
            },
            "require": {
                "php": ">=5.6.0"
            },
            "require-dev": {
                "phpunit/phpunit": "5.*"
            },
            "type": "library",
            "autoload": {
                "psr-0": {
                    "PHPImageOptim": "src/"
                }
            },
            "notification-url": "https://packagist.org/downloads/",
            "license": [
                "MIT"
            ],
            "authors": [
                {
                    "name": "Ben Squire",
                    "email": "b.squire@gmail.com",
                    "homepage": "https://github.com/bensquire/php-image-optim"
                }
            ],
            "description": "A library to aid in image optimisation",
            "homepage": "https://github.com/bensquire/php-image-optim",
            "keywords": [
                "gif",
                "image",
                "jpg",
                "optimisation",
                "php",
                "png"
            ],
            "time": "2017-05-09 09:20:49"
        }
    ],
    "packages-dev": [],
    "aliases": [],
    "minimum-stability": "stable",
    "stability-flags": {
        "bensquire/php-image-optim": 20
    },
    "prefer-stable": false,
    "prefer-lowest": false,
    "platform": [],
    "platform-dev": []
}
